// !$*UTF8*$!
{
	archiveVersion = 1;
	classes = {
	};
	objectVersion = 50;
	objects = {

/* Begin PBXBuildFile section */
		1A1709172619F44D00A1BD71 /* HomeBuilder.swift in Sources */ = {isa = PBXBuildFile; fileRef = 1A1709162619F44D00A1BD71 /* HomeBuilder.swift */; };
		1A17091B2619F46700A1BD71 /* HomeWireframe.swift in Sources */ = {isa = PBXBuildFile; fileRef = 1A17091A2619F46700A1BD71 /* HomeWireframe.swift */; };
		1A1709242619F6AC00A1BD71 /* RootWireframe.swift in Sources */ = {isa = PBXBuildFile; fileRef = 1A1709232619F6AC00A1BD71 /* RootWireframe.swift */; };
		1A1709282619F6EF00A1BD71 /* RootBuilder.swift in Sources */ = {isa = PBXBuildFile; fileRef = 1A1709272619F6EF00A1BD71 /* RootBuilder.swift */; };
		1A17092C2619F75800A1BD71 /* RootViewController.storyboard in Resources */ = {isa = PBXBuildFile; fileRef = 1A17092B2619F75800A1BD71 /* RootViewController.storyboard */; };
		1A1709302619F76E00A1BD71 /* RootViewController.swift in Sources */ = {isa = PBXBuildFile; fileRef = 1A17092F2619F76E00A1BD71 /* RootViewController.swift */; };
		1A1709342619F81800A1BD71 /* RootViewModel.swift in Sources */ = {isa = PBXBuildFile; fileRef = 1A1709332619F81800A1BD71 /* RootViewModel.swift */; };
		1A17093A2619FAC100A1BD71 /* UIViewController+.swift in Sources */ = {isa = PBXBuildFile; fileRef = 1A1709392619FAC100A1BD71 /* UIViewController+.swift */; };
		1A170948261A01A800A1BD71 /* Infra.h in Headers */ = {isa = PBXBuildFile; fileRef = 1A170946261A01A800A1BD71 /* Infra.h */; settings = {ATTRIBUTES = (Public, ); }; };
		1A17094B261A01A800A1BD71 /* Infra.framework in Frameworks */ = {isa = PBXBuildFile; fileRef = 1A170944261A01A800A1BD71 /* Infra.framework */; };
		1A17094C261A01A800A1BD71 /* Infra.framework in Embed Frameworks */ = {isa = PBXBuildFile; fileRef = 1A170944261A01A800A1BD71 /* Infra.framework */; settings = {ATTRIBUTES = (CodeSignOnCopy, RemoveHeadersOnCopy, ); }; };
		1A170954261A01D500A1BD71 /* EmbeddedFrameworkSample.swift in Sources */ = {isa = PBXBuildFile; fileRef = 1A170953261A01D500A1BD71 /* EmbeddedFrameworkSample.swift */; };
		1A170958261A02BE00A1BD71 /* Infra.framework in Frameworks */ = {isa = PBXBuildFile; fileRef = 1A170944261A01A800A1BD71 /* Infra.framework */; };
		1A170959261A02BE00A1BD71 /* Infra.framework in Embed Frameworks */ = {isa = PBXBuildFile; fileRef = 1A170944261A01A800A1BD71 /* Infra.framework */; settings = {ATTRIBUTES = (CodeSignOnCopy, RemoveHeadersOnCopy, ); }; };
		1A69155A2601EB7000812DB7 /* AppDelegate.swift in Sources */ = {isa = PBXBuildFile; fileRef = 1A6915592601EB7000812DB7 /* AppDelegate.swift */; };
		1A69155C2601EB7000812DB7 /* SceneDelegate.swift in Sources */ = {isa = PBXBuildFile; fileRef = 1A69155B2601EB7000812DB7 /* SceneDelegate.swift */; };
		1A69155E2601EB7000812DB7 /* ViewController.swift in Sources */ = {isa = PBXBuildFile; fileRef = 1A69155D2601EB7000812DB7 /* ViewController.swift */; };
		1A6915612601EB7000812DB7 /* Main.storyboard in Resources */ = {isa = PBXBuildFile; fileRef = 1A69155F2601EB7000812DB7 /* Main.storyboard */; };
		1A6915632601EB7200812DB7 /* Assets.xcassets in Resources */ = {isa = PBXBuildFile; fileRef = 1A6915622601EB7200812DB7 /* Assets.xcassets */; };
		1A6915662601EB7200812DB7 /* LaunchScreen.storyboard in Resources */ = {isa = PBXBuildFile; fileRef = 1A6915642601EB7200812DB7 /* LaunchScreen.storyboard */; };
		1A6915772601EE8400812DB7 /* Data.h in Headers */ = {isa = PBXBuildFile; fileRef = 1A6915752601EE8400812DB7 /* Data.h */; settings = {ATTRIBUTES = (Public, ); }; };
		1A69157A2601EE8400812DB7 /* Data.framework in Frameworks */ = {isa = PBXBuildFile; fileRef = 1A6915732601EE8400812DB7 /* Data.framework */; };
		1A69157B2601EE8400812DB7 /* Data.framework in Embed Frameworks */ = {isa = PBXBuildFile; fileRef = 1A6915732601EE8400812DB7 /* Data.framework */; settings = {ATTRIBUTES = (CodeSignOnCopy, RemoveHeadersOnCopy, ); }; };
		1A69158A2601EEF800812DB7 /* Domain.h in Headers */ = {isa = PBXBuildFile; fileRef = 1A6915882601EEF800812DB7 /* Domain.h */; settings = {ATTRIBUTES = (Public, ); }; };
		1A69158D2601EEF800812DB7 /* Domain.framework in Frameworks */ = {isa = PBXBuildFile; fileRef = 1A6915862601EEF800812DB7 /* Domain.framework */; };
		1A69158E2601EEF800812DB7 /* Domain.framework in Embed Frameworks */ = {isa = PBXBuildFile; fileRef = 1A6915862601EEF800812DB7 /* Domain.framework */; settings = {ATTRIBUTES = (CodeSignOnCopy, RemoveHeadersOnCopy, ); }; };
		1A6915972601EFB500812DB7 /* SampleUseCase.swift in Sources */ = {isa = PBXBuildFile; fileRef = 1A6915962601EFB500812DB7 /* SampleUseCase.swift */; };
		1A69159C2601EFD200812DB7 /* SampleRepository.swift in Sources */ = {isa = PBXBuildFile; fileRef = 1A69159B2601EFD200812DB7 /* SampleRepository.swift */; };
		1A6915A92601F2FA00812DB7 /* Data.framework in Frameworks */ = {isa = PBXBuildFile; fileRef = 1A6915732601EE8400812DB7 /* Data.framework */; };
		1A6915AA2601F2FA00812DB7 /* Data.framework in Embed Frameworks */ = {isa = PBXBuildFile; fileRef = 1A6915732601EE8400812DB7 /* Data.framework */; settings = {ATTRIBUTES = (CodeSignOnCopy, RemoveHeadersOnCopy, ); }; };
		1A6915B82601F42100812DB7 /* Presentation.h in Headers */ = {isa = PBXBuildFile; fileRef = 1A6915B62601F42100812DB7 /* Presentation.h */; settings = {ATTRIBUTES = (Public, ); }; };
		1A6915BB2601F42100812DB7 /* Presentation.framework in Frameworks */ = {isa = PBXBuildFile; fileRef = 1A6915B42601F42100812DB7 /* Presentation.framework */; };
		1A6915BC2601F42100812DB7 /* Presentation.framework in Embed Frameworks */ = {isa = PBXBuildFile; fileRef = 1A6915B42601F42100812DB7 /* Presentation.framework */; settings = {ATTRIBUTES = (CodeSignOnCopy, RemoveHeadersOnCopy, ); }; };
/* End PBXBuildFile section */

/* Begin PBXContainerItemProxy section */
		1A170949261A01A800A1BD71 /* PBXContainerItemProxy */ = {
			isa = PBXContainerItemProxy;
			containerPortal = 1A69154E2601EB7000812DB7 /* Project object */;
			proxyType = 1;
			remoteGlobalIDString = 1A170943261A01A800A1BD71;
			remoteInfo = Infra;
		};
		1A17095A261A02BE00A1BD71 /* PBXContainerItemProxy */ = {
			isa = PBXContainerItemProxy;
			containerPortal = 1A69154E2601EB7000812DB7 /* Project object */;
			proxyType = 1;
			remoteGlobalIDString = 1A170943261A01A800A1BD71;
			remoteInfo = Infra;
		};
		1A6915782601EE8400812DB7 /* PBXContainerItemProxy */ = {
			isa = PBXContainerItemProxy;
			containerPortal = 1A69154E2601EB7000812DB7 /* Project object */;
			proxyType = 1;
			remoteGlobalIDString = 1A6915722601EE8400812DB7;
			remoteInfo = Data;
		};
		1A69158B2601EEF800812DB7 /* PBXContainerItemProxy */ = {
			isa = PBXContainerItemProxy;
			containerPortal = 1A69154E2601EB7000812DB7 /* Project object */;
			proxyType = 1;
			remoteGlobalIDString = 1A6915852601EEF800812DB7;
			remoteInfo = Domain;
		};
		1A6915AB2601F2FA00812DB7 /* PBXContainerItemProxy */ = {
			isa = PBXContainerItemProxy;
			containerPortal = 1A69154E2601EB7000812DB7 /* Project object */;
			proxyType = 1;
			remoteGlobalIDString = 1A6915722601EE8400812DB7;
			remoteInfo = Data;
		};
		1A6915B92601F42100812DB7 /* PBXContainerItemProxy */ = {
			isa = PBXContainerItemProxy;
			containerPortal = 1A69154E2601EB7000812DB7 /* Project object */;
			proxyType = 1;
			remoteGlobalIDString = 1A6915B32601F42100812DB7;
			remoteInfo = Presentation;
		};
/* End PBXContainerItemProxy section */

/* Begin PBXCopyFilesBuildPhase section */
		1A17095C261A02BE00A1BD71 /* Embed Frameworks */ = {
			isa = PBXCopyFilesBuildPhase;
			buildActionMask = 2147483647;
			dstPath = "";
			dstSubfolderSpec = 10;
			files = (
				1A170959261A02BE00A1BD71 /* Infra.framework in Embed Frameworks */,
			);
			name = "Embed Frameworks";
			runOnlyForDeploymentPostprocessing = 0;
		};
		1A69157F2601EE8400812DB7 /* Embed Frameworks */ = {
			isa = PBXCopyFilesBuildPhase;
			buildActionMask = 2147483647;
			dstPath = "";
			dstSubfolderSpec = 10;
			files = (
				1A69158E2601EEF800812DB7 /* Domain.framework in Embed Frameworks */,
				1A69157B2601EE8400812DB7 /* Data.framework in Embed Frameworks */,
				1A6915BC2601F42100812DB7 /* Presentation.framework in Embed Frameworks */,
				1A17094C261A01A800A1BD71 /* Infra.framework in Embed Frameworks */,
			);
			name = "Embed Frameworks";
			runOnlyForDeploymentPostprocessing = 0;
		};
		1A6915AD2601F2FA00812DB7 /* Embed Frameworks */ = {
			isa = PBXCopyFilesBuildPhase;
			buildActionMask = 2147483647;
			dstPath = "";
			dstSubfolderSpec = 10;
			files = (
				1A6915AA2601F2FA00812DB7 /* Data.framework in Embed Frameworks */,
			);
			name = "Embed Frameworks";
			runOnlyForDeploymentPostprocessing = 0;
		};
/* End PBXCopyFilesBuildPhase section */

/* Begin PBXFileReference section */
		1A1709162619F44D00A1BD71 /* HomeBuilder.swift */ = {isa = PBXFileReference; lastKnownFileType = sourcecode.swift; path = HomeBuilder.swift; sourceTree = "<group>"; };
		1A17091A2619F46700A1BD71 /* HomeWireframe.swift */ = {isa = PBXFileReference; lastKnownFileType = sourcecode.swift; path = HomeWireframe.swift; sourceTree = "<group>"; };
		1A1709232619F6AC00A1BD71 /* RootWireframe.swift */ = {isa = PBXFileReference; lastKnownFileType = sourcecode.swift; path = RootWireframe.swift; sourceTree = "<group>"; };
		1A1709272619F6EF00A1BD71 /* RootBuilder.swift */ = {isa = PBXFileReference; lastKnownFileType = sourcecode.swift; path = RootBuilder.swift; sourceTree = "<group>"; };
		1A17092B2619F75800A1BD71 /* RootViewController.storyboard */ = {isa = PBXFileReference; lastKnownFileType = file.storyboard; path = RootViewController.storyboard; sourceTree = "<group>"; };
		1A17092F2619F76E00A1BD71 /* RootViewController.swift */ = {isa = PBXFileReference; lastKnownFileType = sourcecode.swift; path = RootViewController.swift; sourceTree = "<group>"; };
		1A1709332619F81800A1BD71 /* RootViewModel.swift */ = {isa = PBXFileReference; lastKnownFileType = sourcecode.swift; path = RootViewModel.swift; sourceTree = "<group>"; };
		1A1709392619FAC100A1BD71 /* UIViewController+.swift */ = {isa = PBXFileReference; lastKnownFileType = sourcecode.swift; path = "UIViewController+.swift"; sourceTree = "<group>"; };
		1A170944261A01A800A1BD71 /* Infra.framework */ = {isa = PBXFileReference; explicitFileType = wrapper.framework; includeInIndex = 0; path = Infra.framework; sourceTree = BUILT_PRODUCTS_DIR; };
		1A170946261A01A800A1BD71 /* Infra.h */ = {isa = PBXFileReference; lastKnownFileType = sourcecode.c.h; path = Infra.h; sourceTree = "<group>"; };
		1A170947261A01A800A1BD71 /* Info.plist */ = {isa = PBXFileReference; lastKnownFileType = text.plist.xml; path = Info.plist; sourceTree = "<group>"; };
		1A170953261A01D500A1BD71 /* EmbeddedFrameworkSample.swift */ = {isa = PBXFileReference; lastKnownFileType = sourcecode.swift; path = EmbeddedFrameworkSample.swift; sourceTree = "<group>"; };
		1A6915562601EB7000812DB7 /* EmbeddedFrameworkSample.app */ = {isa = PBXFileReference; explicitFileType = wrapper.application; includeInIndex = 0; path = EmbeddedFrameworkSample.app; sourceTree = BUILT_PRODUCTS_DIR; };
		1A6915592601EB7000812DB7 /* AppDelegate.swift */ = {isa = PBXFileReference; lastKnownFileType = sourcecode.swift; path = AppDelegate.swift; sourceTree = "<group>"; };
		1A69155B2601EB7000812DB7 /* SceneDelegate.swift */ = {isa = PBXFileReference; lastKnownFileType = sourcecode.swift; path = SceneDelegate.swift; sourceTree = "<group>"; };
		1A69155D2601EB7000812DB7 /* ViewController.swift */ = {isa = PBXFileReference; lastKnownFileType = sourcecode.swift; path = ViewController.swift; sourceTree = "<group>"; };
		1A6915602601EB7000812DB7 /* Base */ = {isa = PBXFileReference; lastKnownFileType = file.storyboard; name = Base; path = Base.lproj/Main.storyboard; sourceTree = "<group>"; };
		1A6915622601EB7200812DB7 /* Assets.xcassets */ = {isa = PBXFileReference; lastKnownFileType = folder.assetcatalog; path = Assets.xcassets; sourceTree = "<group>"; };
		1A6915652601EB7200812DB7 /* Base */ = {isa = PBXFileReference; lastKnownFileType = file.storyboard; name = Base; path = Base.lproj/LaunchScreen.storyboard; sourceTree = "<group>"; };
		1A6915672601EB7200812DB7 /* Info.plist */ = {isa = PBXFileReference; lastKnownFileType = text.plist.xml; path = Info.plist; sourceTree = "<group>"; };
		1A6915732601EE8400812DB7 /* Data.framework */ = {isa = PBXFileReference; explicitFileType = wrapper.framework; includeInIndex = 0; path = Data.framework; sourceTree = BUILT_PRODUCTS_DIR; };
		1A6915752601EE8400812DB7 /* Data.h */ = {isa = PBXFileReference; lastKnownFileType = sourcecode.c.h; path = Data.h; sourceTree = "<group>"; };
		1A6915762601EE8400812DB7 /* Info.plist */ = {isa = PBXFileReference; lastKnownFileType = text.plist.xml; path = Info.plist; sourceTree = "<group>"; };
		1A6915862601EEF800812DB7 /* Domain.framework */ = {isa = PBXFileReference; explicitFileType = wrapper.framework; includeInIndex = 0; path = Domain.framework; sourceTree = BUILT_PRODUCTS_DIR; };
		1A6915882601EEF800812DB7 /* Domain.h */ = {isa = PBXFileReference; lastKnownFileType = sourcecode.c.h; path = Domain.h; sourceTree = "<group>"; };
		1A6915892601EEF800812DB7 /* Info.plist */ = {isa = PBXFileReference; lastKnownFileType = text.plist.xml; path = Info.plist; sourceTree = "<group>"; };
		1A6915962601EFB500812DB7 /* SampleUseCase.swift */ = {isa = PBXFileReference; lastKnownFileType = sourcecode.swift; path = SampleUseCase.swift; sourceTree = "<group>"; };
		1A69159B2601EFD200812DB7 /* SampleRepository.swift */ = {isa = PBXFileReference; lastKnownFileType = sourcecode.swift; path = SampleRepository.swift; sourceTree = "<group>"; };
		1A6915B42601F42100812DB7 /* Presentation.framework */ = {isa = PBXFileReference; explicitFileType = wrapper.framework; includeInIndex = 0; path = Presentation.framework; sourceTree = BUILT_PRODUCTS_DIR; };
		1A6915B62601F42100812DB7 /* Presentation.h */ = {isa = PBXFileReference; lastKnownFileType = sourcecode.c.h; path = Presentation.h; sourceTree = "<group>"; };
		1A6915B72601F42100812DB7 /* Info.plist */ = {isa = PBXFileReference; lastKnownFileType = text.plist.xml; path = Info.plist; sourceTree = "<group>"; };
/* End PBXFileReference section */

/* Begin PBXFrameworksBuildPhase section */
		1A170941261A01A800A1BD71 /* Frameworks */ = {
			isa = PBXFrameworksBuildPhase;
			buildActionMask = 2147483647;
			files = (
			);
			runOnlyForDeploymentPostprocessing = 0;
		};
		1A6915532601EB7000812DB7 /* Frameworks */ = {
			isa = PBXFrameworksBuildPhase;
			buildActionMask = 2147483647;
			files = (
				1A69158D2601EEF800812DB7 /* Domain.framework in Frameworks */,
				1A69157A2601EE8400812DB7 /* Data.framework in Frameworks */,
				1A6915BB2601F42100812DB7 /* Presentation.framework in Frameworks */,
				1A17094B261A01A800A1BD71 /* Infra.framework in Frameworks */,
			);
			runOnlyForDeploymentPostprocessing = 0;
		};
		1A6915702601EE8400812DB7 /* Frameworks */ = {
			isa = PBXFrameworksBuildPhase;
			buildActionMask = 2147483647;
			files = (
			);
			runOnlyForDeploymentPostprocessing = 0;
		};
		1A6915832601EEF800812DB7 /* Frameworks */ = {
			isa = PBXFrameworksBuildPhase;
			buildActionMask = 2147483647;
			files = (
				1A6915A92601F2FA00812DB7 /* Data.framework in Frameworks */,
			);
			runOnlyForDeploymentPostprocessing = 0;
		};
		1A6915B12601F42100812DB7 /* Frameworks */ = {
			isa = PBXFrameworksBuildPhase;
			buildActionMask = 2147483647;
			files = (
				1A170958261A02BE00A1BD71 /* Infra.framework in Frameworks */,
			);
			runOnlyForDeploymentPostprocessing = 0;
		};
/* End PBXFrameworksBuildPhase section */

/* Begin PBXGroup section */
		1A17090F2619F3C600A1BD71 /* Modules */ = {
			isa = PBXGroup;
			children = (
				1A17091E2619F66100A1BD71 /* Root */,
				1A6915C22601F42800812DB7 /* Home */,
			);
			path = Modules;
			sourceTree = "<group>";
		};
		1A1709102619F3DE00A1BD71 /* Builder */ = {
			isa = PBXGroup;
			children = (
				1A1709162619F44D00A1BD71 /* HomeBuilder.swift */,
			);
			path = Builder;
			sourceTree = "<group>";
		};
		1A1709112619F3E500A1BD71 /* ViewModel */ = {
			isa = PBXGroup;
			children = (
			);
			path = ViewModel;
			sourceTree = "<group>";
		};
		1A1709122619F3EB00A1BD71 /* View */ = {
			isa = PBXGroup;
			children = (
			);
			path = View;
			sourceTree = "<group>";
		};
		1A1709152619F42D00A1BD71 /* Wireframe */ = {
			isa = PBXGroup;
			children = (
				1A17091A2619F46700A1BD71 /* HomeWireframe.swift */,
			);
			path = Wireframe;
			sourceTree = "<group>";
		};
		1A17091E2619F66100A1BD71 /* Root */ = {
			isa = PBXGroup;
			children = (
				1A1709222619F68A00A1BD71 /* Wireframe */,
				1A1709212619F67F00A1BD71 /* View */,
				1A1709202619F67900A1BD71 /* ViewModel */,
				1A17091F2619F67400A1BD71 /* Builder */,
			);
			path = Root;
			sourceTree = "<group>";
		};
		1A17091F2619F67400A1BD71 /* Builder */ = {
			isa = PBXGroup;
			children = (
				1A1709272619F6EF00A1BD71 /* RootBuilder.swift */,
			);
			path = Builder;
			sourceTree = "<group>";
		};
		1A1709202619F67900A1BD71 /* ViewModel */ = {
			isa = PBXGroup;
			children = (
				1A1709332619F81800A1BD71 /* RootViewModel.swift */,
			);
			path = ViewModel;
			sourceTree = "<group>";
		};
		1A1709212619F67F00A1BD71 /* View */ = {
			isa = PBXGroup;
			children = (
				1A17092B2619F75800A1BD71 /* RootViewController.storyboard */,
				1A17092F2619F76E00A1BD71 /* RootViewController.swift */,
			);
			path = View;
			sourceTree = "<group>";
		};
		1A1709222619F68A00A1BD71 /* Wireframe */ = {
			isa = PBXGroup;
			children = (
				1A1709232619F6AC00A1BD71 /* RootWireframe.swift */,
			);
			path = Wireframe;
			sourceTree = "<group>";
		};
		1A1709382619FAAB00A1BD71 /* Utility */ = {
			isa = PBXGroup;
			children = (
				1A1709392619FAC100A1BD71 /* UIViewController+.swift */,
			);
			path = Utility;
			sourceTree = "<group>";
		};
		1A170945261A01A800A1BD71 /* Infra */ = {
			isa = PBXGroup;
			children = (
				1A170946261A01A800A1BD71 /* Infra.h */,
				1A170947261A01A800A1BD71 /* Info.plist */,
				1A170953261A01D500A1BD71 /* EmbeddedFrameworkSample.swift */,
			);
			path = Infra;
			sourceTree = "<group>";
		};
		1A69154D2601EB7000812DB7 = {
			isa = PBXGroup;
			children = (
				1A6915582601EB7000812DB7 /* EmbeddedFrameworkSample */,
				1A6915742601EE8400812DB7 /* Data */,
				1A6915872601EEF800812DB7 /* Domain */,
				1A6915B52601F42100812DB7 /* Presentation */,
				1A170945261A01A800A1BD71 /* Infra */,
				1A6915572601EB7000812DB7 /* Products */,
				1A69159F2601F10000812DB7 /* Frameworks */,
			);
			sourceTree = "<group>";
		};
		1A6915572601EB7000812DB7 /* Products */ = {
			isa = PBXGroup;
			children = (
				1A6915562601EB7000812DB7 /* EmbeddedFrameworkSample.app */,
				1A6915732601EE8400812DB7 /* Data.framework */,
				1A6915862601EEF800812DB7 /* Domain.framework */,
				1A6915B42601F42100812DB7 /* Presentation.framework */,
				1A170944261A01A800A1BD71 /* Infra.framework */,
			);
			name = Products;
			sourceTree = "<group>";
		};
		1A6915582601EB7000812DB7 /* EmbeddedFrameworkSample */ = {
			isa = PBXGroup;
			children = (
				1A6915592601EB7000812DB7 /* AppDelegate.swift */,
				1A69155B2601EB7000812DB7 /* SceneDelegate.swift */,
				1A69155D2601EB7000812DB7 /* ViewController.swift */,
				1A69155F2601EB7000812DB7 /* Main.storyboard */,
				1A6915622601EB7200812DB7 /* Assets.xcassets */,
				1A6915642601EB7200812DB7 /* LaunchScreen.storyboard */,
				1A6915672601EB7200812DB7 /* Info.plist */,
			);
			path = EmbeddedFrameworkSample;
			sourceTree = "<group>";
		};
		1A6915742601EE8400812DB7 /* Data */ = {
			isa = PBXGroup;
			children = (
				1A69159A2601EFC400812DB7 /* Repository */,
				1A6915752601EE8400812DB7 /* Data.h */,
				1A6915762601EE8400812DB7 /* Info.plist */,
			);
			path = Data;
			sourceTree = "<group>";
		};
		1A6915872601EEF800812DB7 /* Domain */ = {
			isa = PBXGroup;
			children = (
				1A6915942601EF9D00812DB7 /* UseCase */,
				1A6915882601EEF800812DB7 /* Domain.h */,
				1A6915892601EEF800812DB7 /* Info.plist */,
			);
			path = Domain;
			sourceTree = "<group>";
		};
		1A6915942601EF9D00812DB7 /* UseCase */ = {
			isa = PBXGroup;
			children = (
				1A6915962601EFB500812DB7 /* SampleUseCase.swift */,
			);
			path = UseCase;
			sourceTree = "<group>";
		};
		1A69159A2601EFC400812DB7 /* Repository */ = {
			isa = PBXGroup;
			children = (
				1A69159B2601EFD200812DB7 /* SampleRepository.swift */,
			);
			path = Repository;
			sourceTree = "<group>";
		};
		1A69159F2601F10000812DB7 /* Frameworks */ = {
			isa = PBXGroup;
			children = (
			);
			name = Frameworks;
			sourceTree = "<group>";
		};
		1A6915B52601F42100812DB7 /* Presentation */ = {
			isa = PBXGroup;
			children = (
				1A1709382619FAAB00A1BD71 /* Utility */,
				1A17090F2619F3C600A1BD71 /* Modules */,
				1A6915B62601F42100812DB7 /* Presentation.h */,
				1A6915B72601F42100812DB7 /* Info.plist */,
			);
			path = Presentation;
			sourceTree = "<group>";
		};
		1A6915C22601F42800812DB7 /* Home */ = {
			isa = PBXGroup;
			children = (
				1A1709152619F42D00A1BD71 /* Wireframe */,
				1A1709122619F3EB00A1BD71 /* View */,
				1A1709112619F3E500A1BD71 /* ViewModel */,
				1A1709102619F3DE00A1BD71 /* Builder */,
			);
			path = Home;
			sourceTree = "<group>";
		};
/* End PBXGroup section */

/* Begin PBXHeadersBuildPhase section */
		1A17093F261A01A800A1BD71 /* Headers */ = {
			isa = PBXHeadersBuildPhase;
			buildActionMask = 2147483647;
			files = (
				1A170948261A01A800A1BD71 /* Infra.h in Headers */,
			);
			runOnlyForDeploymentPostprocessing = 0;
		};
		1A69156E2601EE8400812DB7 /* Headers */ = {
			isa = PBXHeadersBuildPhase;
			buildActionMask = 2147483647;
			files = (
				1A6915772601EE8400812DB7 /* Data.h in Headers */,
			);
			runOnlyForDeploymentPostprocessing = 0;
		};
		1A6915812601EEF800812DB7 /* Headers */ = {
			isa = PBXHeadersBuildPhase;
			buildActionMask = 2147483647;
			files = (
				1A69158A2601EEF800812DB7 /* Domain.h in Headers */,
			);
			runOnlyForDeploymentPostprocessing = 0;
		};
		1A6915AF2601F42100812DB7 /* Headers */ = {
			isa = PBXHeadersBuildPhase;
			buildActionMask = 2147483647;
			files = (
				1A6915B82601F42100812DB7 /* Presentation.h in Headers */,
			);
			runOnlyForDeploymentPostprocessing = 0;
		};
/* End PBXHeadersBuildPhase section */

/* Begin PBXNativeTarget section */
		1A170943261A01A800A1BD71 /* Infra */ = {
			isa = PBXNativeTarget;
			buildConfigurationList = 1A17094D261A01A800A1BD71 /* Build configuration list for PBXNativeTarget "Infra" */;
			buildPhases = (
				1A17093F261A01A800A1BD71 /* Headers */,
				1A170940261A01A800A1BD71 /* Sources */,
				1A170941261A01A800A1BD71 /* Frameworks */,
				1A170942261A01A800A1BD71 /* Resources */,
			);
			buildRules = (
			);
			dependencies = (
			);
			name = Infra;
			productName = Infra;
			productReference = 1A170944261A01A800A1BD71 /* Infra.framework */;
			productType = "com.apple.product-type.framework";
		};
		1A6915552601EB7000812DB7 /* EmbeddedFrameworkSample */ = {
			isa = PBXNativeTarget;
			buildConfigurationList = 1A69156A2601EB7200812DB7 /* Build configuration list for PBXNativeTarget "EmbeddedFrameworkSample" */;
			buildPhases = (
				1A6915522601EB7000812DB7 /* Sources */,
				1A6915532601EB7000812DB7 /* Frameworks */,
				1A6915542601EB7000812DB7 /* Resources */,
				1A69157F2601EE8400812DB7 /* Embed Frameworks */,
			);
			buildRules = (
			);
			dependencies = (
				1A6915792601EE8400812DB7 /* PBXTargetDependency */,
				1A69158C2601EEF800812DB7 /* PBXTargetDependency */,
				1A6915BA2601F42100812DB7 /* PBXTargetDependency */,
				1A17094A261A01A800A1BD71 /* PBXTargetDependency */,
			);
			name = EmbeddedFrameworkSample;
			productName = EmbeddedFrameworkSample;
			productReference = 1A6915562601EB7000812DB7 /* EmbeddedFrameworkSample.app */;
			productType = "com.apple.product-type.application";
		};
		1A6915722601EE8400812DB7 /* Data */ = {
			isa = PBXNativeTarget;
			buildConfigurationList = 1A69157C2601EE8400812DB7 /* Build configuration list for PBXNativeTarget "Data" */;
			buildPhases = (
				1A69156E2601EE8400812DB7 /* Headers */,
				1A69156F2601EE8400812DB7 /* Sources */,
				1A6915702601EE8400812DB7 /* Frameworks */,
				1A6915712601EE8400812DB7 /* Resources */,
			);
			buildRules = (
			);
			dependencies = (
			);
			name = Data;
			productName = Data;
			productReference = 1A6915732601EE8400812DB7 /* Data.framework */;
			productType = "com.apple.product-type.framework";
		};
		1A6915852601EEF800812DB7 /* Domain */ = {
			isa = PBXNativeTarget;
			buildConfigurationList = 1A69158F2601EEF800812DB7 /* Build configuration list for PBXNativeTarget "Domain" */;
			buildPhases = (
				1A6915812601EEF800812DB7 /* Headers */,
				1A6915822601EEF800812DB7 /* Sources */,
				1A6915832601EEF800812DB7 /* Frameworks */,
				1A6915842601EEF800812DB7 /* Resources */,
				1A6915AD2601F2FA00812DB7 /* Embed Frameworks */,
			);
			buildRules = (
			);
			dependencies = (
				1A6915AC2601F2FA00812DB7 /* PBXTargetDependency */,
			);
			name = Domain;
			productName = Domain;
			productReference = 1A6915862601EEF800812DB7 /* Domain.framework */;
			productType = "com.apple.product-type.framework";
		};
		1A6915B32601F42100812DB7 /* Presentation */ = {
			isa = PBXNativeTarget;
			buildConfigurationList = 1A6915BD2601F42100812DB7 /* Build configuration list for PBXNativeTarget "Presentation" */;
			buildPhases = (
				1A6915AF2601F42100812DB7 /* Headers */,
				1A6915B02601F42100812DB7 /* Sources */,
				1A6915B12601F42100812DB7 /* Frameworks */,
				1A6915B22601F42100812DB7 /* Resources */,
				1A17095C261A02BE00A1BD71 /* Embed Frameworks */,
			);
			buildRules = (
			);
			dependencies = (
				1A17095B261A02BE00A1BD71 /* PBXTargetDependency */,
			);
			name = Presentation;
			productName = Presentation;
			productReference = 1A6915B42601F42100812DB7 /* Presentation.framework */;
			productType = "com.apple.product-type.framework";
		};
/* End PBXNativeTarget section */

/* Begin PBXProject section */
		1A69154E2601EB7000812DB7 /* Project object */ = {
			isa = PBXProject;
			attributes = {
				LastSwiftUpdateCheck = 1230;
				LastUpgradeCheck = 1230;
				TargetAttributes = {
					1A170943261A01A800A1BD71 = {
						CreatedOnToolsVersion = 12.3;
						LastSwiftMigration = 1230;
					};
					1A6915552601EB7000812DB7 = {
						CreatedOnToolsVersion = 12.3;
					};
					1A6915722601EE8400812DB7 = {
						CreatedOnToolsVersion = 12.3;
						LastSwiftMigration = 1230;
					};
					1A6915852601EEF800812DB7 = {
						CreatedOnToolsVersion = 12.3;
						LastSwiftMigration = 1230;
					};
					1A6915B32601F42100812DB7 = {
						CreatedOnToolsVersion = 12.3;
						LastSwiftMigration = 1230;
					};
				};
			};
			buildConfigurationList = 1A6915512601EB7000812DB7 /* Build configuration list for PBXProject "EmbeddedFrameworkSample" */;
			compatibilityVersion = "Xcode 9.3";
			developmentRegion = en;
			hasScannedForEncodings = 0;
			knownRegions = (
				en,
				Base,
			);
			mainGroup = 1A69154D2601EB7000812DB7;
			productRefGroup = 1A6915572601EB7000812DB7 /* Products */;
			projectDirPath = "";
			projectRoot = "";
			targets = (
				1A6915552601EB7000812DB7 /* EmbeddedFrameworkSample */,
				1A6915852601EEF800812DB7 /* Domain */,
				1A6915722601EE8400812DB7 /* Data */,
				1A6915B32601F42100812DB7 /* Presentation */,
				1A170943261A01A800A1BD71 /* Infra */,
			);
		};
/* End PBXProject section */

/* Begin PBXResourcesBuildPhase section */
		1A170942261A01A800A1BD71 /* Resources */ = {
			isa = PBXResourcesBuildPhase;
			buildActionMask = 2147483647;
			files = (
			);
			runOnlyForDeploymentPostprocessing = 0;
		};
		1A6915542601EB7000812DB7 /* Resources */ = {
			isa = PBXResourcesBuildPhase;
			buildActionMask = 2147483647;
			files = (
				1A6915662601EB7200812DB7 /* LaunchScreen.storyboard in Resources */,
				1A6915632601EB7200812DB7 /* Assets.xcassets in Resources */,
				1A6915612601EB7000812DB7 /* Main.storyboard in Resources */,
			);
			runOnlyForDeploymentPostprocessing = 0;
		};
		1A6915712601EE8400812DB7 /* Resources */ = {
			isa = PBXResourcesBuildPhase;
			buildActionMask = 2147483647;
			files = (
			);
			runOnlyForDeploymentPostprocessing = 0;
		};
		1A6915842601EEF800812DB7 /* Resources */ = {
			isa = PBXResourcesBuildPhase;
			buildActionMask = 2147483647;
			files = (
			);
			runOnlyForDeploymentPostprocessing = 0;
		};
		1A6915B22601F42100812DB7 /* Resources */ = {
			isa = PBXResourcesBuildPhase;
			buildActionMask = 2147483647;
			files = (
				1A17092C2619F75800A1BD71 /* RootViewController.storyboard in Resources */,
			);
			runOnlyForDeploymentPostprocessing = 0;
		};
/* End PBXResourcesBuildPhase section */

/* Begin PBXSourcesBuildPhase section */
		1A170940261A01A800A1BD71 /* Sources */ = {
			isa = PBXSourcesBuildPhase;
			buildActionMask = 2147483647;
			files = (
				1A170954261A01D500A1BD71 /* EmbeddedFrameworkSample.swift in Sources */,
			);
			runOnlyForDeploymentPostprocessing = 0;
		};
		1A6915522601EB7000812DB7 /* Sources */ = {
			isa = PBXSourcesBuildPhase;
			buildActionMask = 2147483647;
			files = (
				1A69155E2601EB7000812DB7 /* ViewController.swift in Sources */,
				1A69155A2601EB7000812DB7 /* AppDelegate.swift in Sources */,
				1A69155C2601EB7000812DB7 /* SceneDelegate.swift in Sources */,
			);
			runOnlyForDeploymentPostprocessing = 0;
		};
		1A69156F2601EE8400812DB7 /* Sources */ = {
			isa = PBXSourcesBuildPhase;
			buildActionMask = 2147483647;
			files = (
				1A69159C2601EFD200812DB7 /* SampleRepository.swift in Sources */,
			);
			runOnlyForDeploymentPostprocessing = 0;
		};
		1A6915822601EEF800812DB7 /* Sources */ = {
			isa = PBXSourcesBuildPhase;
			buildActionMask = 2147483647;
			files = (
				1A6915972601EFB500812DB7 /* SampleUseCase.swift in Sources */,
			);
			runOnlyForDeploymentPostprocessing = 0;
		};
		1A6915B02601F42100812DB7 /* Sources */ = {
			isa = PBXSourcesBuildPhase;
			buildActionMask = 2147483647;
			files = (
				1A17093A2619FAC100A1BD71 /* UIViewController+.swift in Sources */,
				1A1709302619F76E00A1BD71 /* RootViewController.swift in Sources */,
				1A1709172619F44D00A1BD71 /* HomeBuilder.swift in Sources */,
				1A17091B2619F46700A1BD71 /* HomeWireframe.swift in Sources */,
				1A1709242619F6AC00A1BD71 /* RootWireframe.swift in Sources */,
				1A1709342619F81800A1BD71 /* RootViewModel.swift in Sources */,
				1A1709282619F6EF00A1BD71 /* RootBuilder.swift in Sources */,
			);
			runOnlyForDeploymentPostprocessing = 0;
		};
/* End PBXSourcesBuildPhase section */

/* Begin PBXTargetDependency section */
		1A17094A261A01A800A1BD71 /* PBXTargetDependency */ = {
			isa = PBXTargetDependency;
			target = 1A170943261A01A800A1BD71 /* Infra */;
			targetProxy = 1A170949261A01A800A1BD71 /* PBXContainerItemProxy */;
		};
		1A17095B261A02BE00A1BD71 /* PBXTargetDependency */ = {
			isa = PBXTargetDependency;
			target = 1A170943261A01A800A1BD71 /* Infra */;
			targetProxy = 1A17095A261A02BE00A1BD71 /* PBXContainerItemProxy */;
		};
		1A6915792601EE8400812DB7 /* PBXTargetDependency */ = {
			isa = PBXTargetDependency;
			target = 1A6915722601EE8400812DB7 /* Data */;
			targetProxy = 1A6915782601EE8400812DB7 /* PBXContainerItemProxy */;
		};
		1A69158C2601EEF800812DB7 /* PBXTargetDependency */ = {
			isa = PBXTargetDependency;
			target = 1A6915852601EEF800812DB7 /* Domain */;
			targetProxy = 1A69158B2601EEF800812DB7 /* PBXContainerItemProxy */;
		};
		1A6915AC2601F2FA00812DB7 /* PBXTargetDependency */ = {
			isa = PBXTargetDependency;
			target = 1A6915722601EE8400812DB7 /* Data */;
			targetProxy = 1A6915AB2601F2FA00812DB7 /* PBXContainerItemProxy */;
		};
		1A6915BA2601F42100812DB7 /* PBXTargetDependency */ = {
			isa = PBXTargetDependency;
			target = 1A6915B32601F42100812DB7 /* Presentation */;
			targetProxy = 1A6915B92601F42100812DB7 /* PBXContainerItemProxy */;
		};
/* End PBXTargetDependency section */

/* Begin PBXVariantGroup section */
		1A69155F2601EB7000812DB7 /* Main.storyboard */ = {
			isa = PBXVariantGroup;
			children = (
				1A6915602601EB7000812DB7 /* Base */,
			);
			name = Main.storyboard;
			sourceTree = "<group>";
		};
		1A6915642601EB7200812DB7 /* LaunchScreen.storyboard */ = {
			isa = PBXVariantGroup;
			children = (
				1A6915652601EB7200812DB7 /* Base */,
			);
			name = LaunchScreen.storyboard;
			sourceTree = "<group>";
		};
/* End PBXVariantGroup section */

/* Begin XCBuildConfiguration section */
		1A17094E261A01A800A1BD71 /* Debug */ = {
			isa = XCBuildConfiguration;
			buildSettings = {
				CLANG_ENABLE_MODULES = YES;
				CODE_SIGN_STYLE = Automatic;
				CURRENT_PROJECT_VERSION = 1;
				DEFINES_MODULE = YES;
				DYLIB_COMPATIBILITY_VERSION = 1;
				DYLIB_CURRENT_VERSION = 1;
				DYLIB_INSTALL_NAME_BASE = "@rpath";
				INFOPLIST_FILE = Infra/Info.plist;
				INSTALL_PATH = "$(LOCAL_LIBRARY_DIR)/Frameworks";
				LD_RUNPATH_SEARCH_PATHS = (
					"$(inherited)",
					"@executable_path/Frameworks",
					"@loader_path/Frameworks",
				);
				PRODUCT_BUNDLE_IDENTIFIER = "com.example.embedded-framework-sample.Infra";
				PRODUCT_NAME = "$(TARGET_NAME:c99extidentifier)";
				SKIP_INSTALL = YES;
				SWIFT_OPTIMIZATION_LEVEL = "-Onone";
				SWIFT_VERSION = 5.0;
				TARGETED_DEVICE_FAMILY = "1,2";
				VERSIONING_SYSTEM = "apple-generic";
				VERSION_INFO_PREFIX = "";
			};
			name = Debug;
		};
		1A17094F261A01A800A1BD71 /* Release */ = {
			isa = XCBuildConfiguration;
			buildSettings = {
				CLANG_ENABLE_MODULES = YES;
				CODE_SIGN_STYLE = Automatic;
				CURRENT_PROJECT_VERSION = 1;
				DEFINES_MODULE = YES;
				DYLIB_COMPATIBILITY_VERSION = 1;
				DYLIB_CURRENT_VERSION = 1;
				DYLIB_INSTALL_NAME_BASE = "@rpath";
				INFOPLIST_FILE = Infra/Info.plist;
				INSTALL_PATH = "$(LOCAL_LIBRARY_DIR)/Frameworks";
				LD_RUNPATH_SEARCH_PATHS = (
					"$(inherited)",
					"@executable_path/Frameworks",
					"@loader_path/Frameworks",
				);
				PRODUCT_BUNDLE_IDENTIFIER = "com.example.embedded-framework-sample.Infra";
				PRODUCT_NAME = "$(TARGET_NAME:c99extidentifier)";
				SKIP_INSTALL = YES;
				SWIFT_VERSION = 5.0;
				TARGETED_DEVICE_FAMILY = "1,2";
				VERSIONING_SYSTEM = "apple-generic";
				VERSION_INFO_PREFIX = "";
			};
			name = Release;
		};
		1A6915682601EB7200812DB7 /* Debug */ = {
			isa = XCBuildConfiguration;
			buildSettings = {
				ALWAYS_SEARCH_USER_PATHS = NO;
				CLANG_ANALYZER_NONNULL = YES;
				CLANG_ANALYZER_NUMBER_OBJECT_CONVERSION = YES_AGGRESSIVE;
				CLANG_CXX_LANGUAGE_STANDARD = "gnu++14";
				CLANG_CXX_LIBRARY = "libc++";
				CLANG_ENABLE_MODULES = YES;
				CLANG_ENABLE_OBJC_ARC = YES;
				CLANG_ENABLE_OBJC_WEAK = YES;
				CLANG_WARN_BLOCK_CAPTURE_AUTORELEASING = YES;
				CLANG_WARN_BOOL_CONVERSION = YES;
				CLANG_WARN_COMMA = YES;
				CLANG_WARN_CONSTANT_CONVERSION = YES;
				CLANG_WARN_DEPRECATED_OBJC_IMPLEMENTATIONS = YES;
				CLANG_WARN_DIRECT_OBJC_ISA_USAGE = YES_ERROR;
				CLANG_WARN_DOCUMENTATION_COMMENTS = YES;
				CLANG_WARN_EMPTY_BODY = YES;
				CLANG_WARN_ENUM_CONVERSION = YES;
				CLANG_WARN_INFINITE_RECURSION = YES;
				CLANG_WARN_INT_CONVERSION = YES;
				CLANG_WARN_NON_LITERAL_NULL_CONVERSION = YES;
				CLANG_WARN_OBJC_IMPLICIT_RETAIN_SELF = YES;
				CLANG_WARN_OBJC_LITERAL_CONVERSION = YES;
				CLANG_WARN_OBJC_ROOT_CLASS = YES_ERROR;
				CLANG_WARN_QUOTED_INCLUDE_IN_FRAMEWORK_HEADER = YES;
				CLANG_WARN_RANGE_LOOP_ANALYSIS = YES;
				CLANG_WARN_STRICT_PROTOTYPES = YES;
				CLANG_WARN_SUSPICIOUS_MOVE = YES;
				CLANG_WARN_UNGUARDED_AVAILABILITY = YES_AGGRESSIVE;
				CLANG_WARN_UNREACHABLE_CODE = YES;
				CLANG_WARN__DUPLICATE_METHOD_MATCH = YES;
				COPY_PHASE_STRIP = NO;
				DEBUG_INFORMATION_FORMAT = dwarf;
				ENABLE_STRICT_OBJC_MSGSEND = YES;
				ENABLE_TESTABILITY = YES;
				GCC_C_LANGUAGE_STANDARD = gnu11;
				GCC_DYNAMIC_NO_PIC = NO;
				GCC_NO_COMMON_BLOCKS = YES;
				GCC_OPTIMIZATION_LEVEL = 0;
				GCC_PREPROCESSOR_DEFINITIONS = (
					"DEBUG=1",
					"$(inherited)",
				);
				GCC_WARN_64_TO_32_BIT_CONVERSION = YES;
				GCC_WARN_ABOUT_RETURN_TYPE = YES_ERROR;
				GCC_WARN_UNDECLARED_SELECTOR = YES;
				GCC_WARN_UNINITIALIZED_AUTOS = YES_AGGRESSIVE;
				GCC_WARN_UNUSED_FUNCTION = YES;
				GCC_WARN_UNUSED_VARIABLE = YES;
				IPHONEOS_DEPLOYMENT_TARGET = 14.3;
				MTL_ENABLE_DEBUG_INFO = INCLUDE_SOURCE;
				MTL_FAST_MATH = YES;
				ONLY_ACTIVE_ARCH = YES;
				SDKROOT = iphoneos;
				SWIFT_ACTIVE_COMPILATION_CONDITIONS = DEBUG;
				SWIFT_OPTIMIZATION_LEVEL = "-Onone";
			};
			name = Debug;
		};
		1A6915692601EB7200812DB7 /* Release */ = {
			isa = XCBuildConfiguration;
			buildSettings = {
				ALWAYS_SEARCH_USER_PATHS = NO;
				CLANG_ANALYZER_NONNULL = YES;
				CLANG_ANALYZER_NUMBER_OBJECT_CONVERSION = YES_AGGRESSIVE;
				CLANG_CXX_LANGUAGE_STANDARD = "gnu++14";
				CLANG_CXX_LIBRARY = "libc++";
				CLANG_ENABLE_MODULES = YES;
				CLANG_ENABLE_OBJC_ARC = YES;
				CLANG_ENABLE_OBJC_WEAK = YES;
				CLANG_WARN_BLOCK_CAPTURE_AUTORELEASING = YES;
				CLANG_WARN_BOOL_CONVERSION = YES;
				CLANG_WARN_COMMA = YES;
				CLANG_WARN_CONSTANT_CONVERSION = YES;
				CLANG_WARN_DEPRECATED_OBJC_IMPLEMENTATIONS = YES;
				CLANG_WARN_DIRECT_OBJC_ISA_USAGE = YES_ERROR;
				CLANG_WARN_DOCUMENTATION_COMMENTS = YES;
				CLANG_WARN_EMPTY_BODY = YES;
				CLANG_WARN_ENUM_CONVERSION = YES;
				CLANG_WARN_INFINITE_RECURSION = YES;
				CLANG_WARN_INT_CONVERSION = YES;
				CLANG_WARN_NON_LITERAL_NULL_CONVERSION = YES;
				CLANG_WARN_OBJC_IMPLICIT_RETAIN_SELF = YES;
				CLANG_WARN_OBJC_LITERAL_CONVERSION = YES;
				CLANG_WARN_OBJC_ROOT_CLASS = YES_ERROR;
				CLANG_WARN_QUOTED_INCLUDE_IN_FRAMEWORK_HEADER = YES;
				CLANG_WARN_RANGE_LOOP_ANALYSIS = YES;
				CLANG_WARN_STRICT_PROTOTYPES = YES;
				CLANG_WARN_SUSPICIOUS_MOVE = YES;
				CLANG_WARN_UNGUARDED_AVAILABILITY = YES_AGGRESSIVE;
				CLANG_WARN_UNREACHABLE_CODE = YES;
				CLANG_WARN__DUPLICATE_METHOD_MATCH = YES;
				COPY_PHASE_STRIP = NO;
				DEBUG_INFORMATION_FORMAT = "dwarf-with-dsym";
				ENABLE_NS_ASSERTIONS = NO;
				ENABLE_STRICT_OBJC_MSGSEND = YES;
				GCC_C_LANGUAGE_STANDARD = gnu11;
				GCC_NO_COMMON_BLOCKS = YES;
				GCC_WARN_64_TO_32_BIT_CONVERSION = YES;
				GCC_WARN_ABOUT_RETURN_TYPE = YES_ERROR;
				GCC_WARN_UNDECLARED_SELECTOR = YES;
				GCC_WARN_UNINITIALIZED_AUTOS = YES_AGGRESSIVE;
				GCC_WARN_UNUSED_FUNCTION = YES;
				GCC_WARN_UNUSED_VARIABLE = YES;
				IPHONEOS_DEPLOYMENT_TARGET = 14.3;
				MTL_ENABLE_DEBUG_INFO = NO;
				MTL_FAST_MATH = YES;
				SDKROOT = iphoneos;
				SWIFT_COMPILATION_MODE = wholemodule;
				SWIFT_OPTIMIZATION_LEVEL = "-O";
				VALIDATE_PRODUCT = YES;
			};
			name = Release;
		};
		1A69156B2601EB7200812DB7 /* Debug */ = {
			isa = XCBuildConfiguration;
			buildSettings = {
				ALWAYS_EMBED_SWIFT_STANDARD_LIBRARIES = YES;
				ASSETCATALOG_COMPILER_APPICON_NAME = AppIcon;
				ASSETCATALOG_COMPILER_GLOBAL_ACCENT_COLOR_NAME = AccentColor;
				CODE_SIGN_STYLE = Automatic;
				INFOPLIST_FILE = EmbeddedFrameworkSample/Info.plist;
				LD_RUNPATH_SEARCH_PATHS = (
					"$(inherited)",
					"@executable_path/Frameworks",
				);
				PRODUCT_BUNDLE_IDENTIFIER = "com.example.embedded-framework-sample.EmbeddedFrameworkSample";
				PRODUCT_NAME = "$(TARGET_NAME)";
				SWIFT_VERSION = 5.0;
				TARGETED_DEVICE_FAMILY = "1,2";
			};
			name = Debug;
		};
		1A69156C2601EB7200812DB7 /* Release */ = {
			isa = XCBuildConfiguration;
			buildSettings = {
				ALWAYS_EMBED_SWIFT_STANDARD_LIBRARIES = YES;
				ASSETCATALOG_COMPILER_APPICON_NAME = AppIcon;
				ASSETCATALOG_COMPILER_GLOBAL_ACCENT_COLOR_NAME = AccentColor;
				CODE_SIGN_STYLE = Automatic;
				INFOPLIST_FILE = EmbeddedFrameworkSample/Info.plist;
				LD_RUNPATH_SEARCH_PATHS = (
					"$(inherited)",
					"@executable_path/Frameworks",
				);
				PRODUCT_BUNDLE_IDENTIFIER = "com.example.embedded-framework-sample.EmbeddedFrameworkSample";
				PRODUCT_NAME = "$(TARGET_NAME)";
				SWIFT_VERSION = 5.0;
				TARGETED_DEVICE_FAMILY = "1,2";
			};
			name = Release;
		};
		1A69157D2601EE8400812DB7 /* Debug */ = {
			isa = XCBuildConfiguration;
			buildSettings = {
				CLANG_ENABLE_MODULES = YES;
				CODE_SIGN_STYLE = Automatic;
				CURRENT_PROJECT_VERSION = 1;
				DEFINES_MODULE = YES;
				DYLIB_COMPATIBILITY_VERSION = 1;
				DYLIB_CURRENT_VERSION = 1;
				DYLIB_INSTALL_NAME_BASE = "@rpath";
				INFOPLIST_FILE = Data/Info.plist;
				INSTALL_PATH = "$(LOCAL_LIBRARY_DIR)/Frameworks";
				LD_RUNPATH_SEARCH_PATHS = (
					"$(inherited)",
					"@executable_path/Frameworks",
					"@loader_path/Frameworks",
				);
				PRODUCT_BUNDLE_IDENTIFIER = "com.example.embedded-framework-sample.Data";
				PRODUCT_NAME = "$(TARGET_NAME:c99extidentifier)";
				SKIP_INSTALL = YES;
				SWIFT_OPTIMIZATION_LEVEL = "-Onone";
				SWIFT_VERSION = 5.0;
				TARGETED_DEVICE_FAMILY = "1,2";
				VERSIONING_SYSTEM = "apple-generic";
				VERSION_INFO_PREFIX = "";
			};
			name = Debug;
		};
		1A69157E2601EE8400812DB7 /* Release */ = {
			isa = XCBuildConfiguration;
			buildSettings = {
				CLANG_ENABLE_MODULES = YES;
				CODE_SIGN_STYLE = Automatic;
				CURRENT_PROJECT_VERSION = 1;
				DEFINES_MODULE = YES;
				DYLIB_COMPATIBILITY_VERSION = 1;
				DYLIB_CURRENT_VERSION = 1;
				DYLIB_INSTALL_NAME_BASE = "@rpath";
				INFOPLIST_FILE = Data/Info.plist;
				INSTALL_PATH = "$(LOCAL_LIBRARY_DIR)/Frameworks";
				LD_RUNPATH_SEARCH_PATHS = (
					"$(inherited)",
					"@executable_path/Frameworks",
					"@loader_path/Frameworks",
				);
				PRODUCT_BUNDLE_IDENTIFIER = "com.example.embedded-framework-sample.Data";
				PRODUCT_NAME = "$(TARGET_NAME:c99extidentifier)";
				SKIP_INSTALL = YES;
				SWIFT_VERSION = 5.0;
				TARGETED_DEVICE_FAMILY = "1,2";
				VERSIONING_SYSTEM = "apple-generic";
				VERSION_INFO_PREFIX = "";
			};
			name = Release;
		};
		1A6915902601EEF800812DB7 /* Debug */ = {
			isa = XCBuildConfiguration;
			buildSettings = {
				CLANG_ENABLE_MODULES = YES;
				CODE_SIGN_STYLE = Automatic;
				CURRENT_PROJECT_VERSION = 1;
				DEFINES_MODULE = YES;
				DYLIB_COMPATIBILITY_VERSION = 1;
				DYLIB_CURRENT_VERSION = 1;
				DYLIB_INSTALL_NAME_BASE = "@rpath";
				INFOPLIST_FILE = Domain/Info.plist;
				INSTALL_PATH = "$(LOCAL_LIBRARY_DIR)/Frameworks";
				LD_RUNPATH_SEARCH_PATHS = (
					"$(inherited)",
					"@executable_path/Frameworks",
					"@loader_path/Frameworks",
				);
				PRODUCT_BUNDLE_IDENTIFIER = "com.example.embedded-framework-sample.Domain";
				PRODUCT_NAME = "$(TARGET_NAME:c99extidentifier)";
				SKIP_INSTALL = YES;
				SWIFT_OPTIMIZATION_LEVEL = "-Onone";
				SWIFT_VERSION = 5.0;
				TARGETED_DEVICE_FAMILY = "1,2";
				VERSIONING_SYSTEM = "apple-generic";
				VERSION_INFO_PREFIX = "";
			};
			name = Debug;
		};
		1A6915912601EEF800812DB7 /* Release */ = {
			isa = XCBuildConfiguration;
			buildSettings = {
				CLANG_ENABLE_MODULES = YES;
				CODE_SIGN_STYLE = Automatic;
				CURRENT_PROJECT_VERSION = 1;
				DEFINES_MODULE = YES;
				DYLIB_COMPATIBILITY_VERSION = 1;
				DYLIB_CURRENT_VERSION = 1;
				DYLIB_INSTALL_NAME_BASE = "@rpath";
				INFOPLIST_FILE = Domain/Info.plist;
				INSTALL_PATH = "$(LOCAL_LIBRARY_DIR)/Frameworks";
				LD_RUNPATH_SEARCH_PATHS = (
					"$(inherited)",
					"@executable_path/Frameworks",
					"@loader_path/Frameworks",
				);
				PRODUCT_BUNDLE_IDENTIFIER = "com.example.embedded-framework-sample.Domain";
				PRODUCT_NAME = "$(TARGET_NAME:c99extidentifier)";
				SKIP_INSTALL = YES;
				SWIFT_VERSION = 5.0;
				TARGETED_DEVICE_FAMILY = "1,2";
				VERSIONING_SYSTEM = "apple-generic";
				VERSION_INFO_PREFIX = "";
			};
			name = Release;
		};
		1A6915BE2601F42100812DB7 /* Debug */ = {
			isa = XCBuildConfiguration;
			buildSettings = {
				CLANG_ENABLE_MODULES = YES;
				CODE_SIGN_STYLE = Automatic;
				CURRENT_PROJECT_VERSION = 1;
				DEFINES_MODULE = YES;
				DYLIB_COMPATIBILITY_VERSION = 1;
				DYLIB_CURRENT_VERSION = 1;
				DYLIB_INSTALL_NAME_BASE = "@rpath";
				INFOPLIST_FILE = Presentation/Info.plist;
				INSTALL_PATH = "$(LOCAL_LIBRARY_DIR)/Frameworks";
				LD_RUNPATH_SEARCH_PATHS = (
					"$(inherited)",
					"@executable_path/Frameworks",
					"@loader_path/Frameworks",
				);
				PRODUCT_BUNDLE_IDENTIFIER = "com.example.embedded-framework-sample.Presentation";
				PRODUCT_NAME = "$(TARGET_NAME:c99extidentifier)";
				SKIP_INSTALL = YES;
				SWIFT_OPTIMIZATION_LEVEL = "-Onone";
				SWIFT_VERSION = 5.0;
				TARGETED_DEVICE_FAMILY = "1,2";
				VERSIONING_SYSTEM = "apple-generic";
				VERSION_INFO_PREFIX = "";
			};
			name = Debug;
		};
		1A6915BF2601F42100812DB7 /* Release */ = {
			isa = XCBuildConfiguration;
			buildSettings = {
				CLANG_ENABLE_MODULES = YES;
				CODE_SIGN_STYLE = Automatic;
				CURRENT_PROJECT_VERSION = 1;
				DEFINES_MODULE = YES;
				DYLIB_COMPATIBILITY_VERSION = 1;
				DYLIB_CURRENT_VERSION = 1;
				DYLIB_INSTALL_NAME_BASE = "@rpath";
				INFOPLIST_FILE = Presentation/Info.plist;
				INSTALL_PATH = "$(LOCAL_LIBRARY_DIR)/Frameworks";
				LD_RUNPATH_SEARCH_PATHS = (
					"$(inherited)",
					"@executable_path/Frameworks",
					"@loader_path/Frameworks",
				);
				PRODUCT_BUNDLE_IDENTIFIER = "com.example.embedded-framework-sample.Presentation";
				PRODUCT_NAME = "$(TARGET_NAME:c99extidentifier)";
				SKIP_INSTALL = YES;
				SWIFT_VERSION = 5.0;
				TARGETED_DEVICE_FAMILY = "1,2";
				VERSIONING_SYSTEM = "apple-generic";
				VERSION_INFO_PREFIX = "";
			};
			name = Release;
		};
/* End XCBuildConfiguration section */

/* Begin XCConfigurationList section */
		1A17094D261A01A800A1BD71 /* Build configuration list for PBXNativeTarget "Infra" */ = {
			isa = XCConfigurationList;
			buildConfigurations = (
				1A17094E261A01A800A1BD71 /* Debug */,
				1A17094F261A01A800A1BD71 /* Release */,
			);
			defaultConfigurationIsVisible = 0;
			defaultConfigurationName = Release;
		};
		1A6915512601EB7000812DB7 /* Build configuration list for PBXProject "EmbeddedFrameworkSample" */ = {
			isa = XCConfigurationList;
			buildConfigurations = (
				1A6915682601EB7200812DB7 /* Debug */,
				1A6915692601EB7200812DB7 /* Release */,
			);
			defaultConfigurationIsVisible = 0;
			defaultConfigurationName = Release;
		};
		1A69156A2601EB7200812DB7 /* Build configuration list for PBXNativeTarget "EmbeddedFrameworkSample" */ = {
			isa = XCConfigurationList;
			buildConfigurations = (
				1A69156B2601EB7200812DB7 /* Debug */,
				1A69156C2601EB7200812DB7 /* Release */,
			);
			defaultConfigurationIsVisible = 0;
			defaultConfigurationName = Release;
		};
		1A69157C2601EE8400812DB7 /* Build configuration list for PBXNativeTarget "Data" */ = {
			isa = XCConfigurationList;
			buildConfigurations = (
				1A69157D2601EE8400812DB7 /* Debug */,
				1A69157E2601EE8400812DB7 /* Release */,
			);
			defaultConfigurationIsVisible = 0;
			defaultConfigurationName = Release;
		};
		1A69158F2601EEF800812DB7 /* Build configuration list for PBXNativeTarget "Domain" */ = {
			isa = XCConfigurationList;
			buildConfigurations = (
				1A6915902601EEF800812DB7 /* Debug */,
				1A6915912601EEF800812DB7 /* Release */,
			);
			defaultConfigurationIsVisible = 0;
			defaultConfigurationName = Release;
		};
		1A6915BD2601F42100812DB7 /* Build configuration list for PBXNativeTarget "Presentation" */ = {
			isa = XCConfigurationList;
			buildConfigurations = (
				1A6915BE2601F42100812DB7 /* Debug */,
				1A6915BF2601F42100812DB7 /* Release */,
			);
			defaultConfigurationIsVisible = 0;
			defaultConfigurationName = Release;
		};
/* End XCConfigurationList section */
	};
	rootObject = 1A69154E2601EB7000812DB7 /* Project object */;
}
